
Microsoft Visual Studio Solution File, Format Version 12.00
# Visual Studio Version 17
VisualStudioVersion = 17.0.31512.422
MinimumVisualStudioVersion = 10.0.40219.1
Project("{2150E333-8FDC-42A3-9474-1A3956D46DE8}") = "src", "src", "{B5614815-5DE9-4BF7-B5C0-F4A8BAE421B9}"
EndProject
Project("{2150E333-8FDC-42A3-9474-1A3956D46DE8}") = "Building Blocks", "Building Blocks", "{11F4AF45-E526-461D-9501-A4476088EB7E}"
EndProject
Project("{2150E333-8FDC-42A3-9474-1A3956D46DE8}") = "Services", "Services", "{5A2271A6-DE4E-44BD-9DA1-17CFF9D74483}"
EndProject
Project("{2150E333-8FDC-42A3-9474-1A3956D46DE8}") = "Web", "Web", "{DA5A1EF5-E5A1-4657-9331-D0E1184228AB}"
EndProject
Project("{2150E333-8FDC-42A3-9474-1A3956D46DE8}") = "Identidade", "Identidade", "{4F30577D-48F2-4D18-A352-59F1D8314A2B}"
EndProject
Project("{2150E333-8FDC-42A3-9474-1A3956D46DE8}") = "MVC", "MVC", "{5F933972-0E1A-4E6F-BD0A-AC5E4B2FD590}"
EndProject
Project("{9A19103F-16F7-4668-BE54-9A1E7A4F7556}") = "NSE.WebApp.MVC", "src\web\NSE.WebApp.MVC\NSE.WebApp.MVC.csproj", "{83E5E9DF-D83D-4E21-B6AE-A05815CE3C26}"
EndProject
Project("{2150E333-8FDC-42A3-9474-1A3956D46DE8}") = "Core", "Core", "{5879973A-65DB-46E1-ADE2-6D166556AEAF}"
EndProject
Project("{9A19103F-16F7-4668-BE54-9A1E7A4F7556}") = "NSE.Core", "src\building blocks\NSE.Core\NSE.Core.csproj", "{1F03B0A9-CD75-4278-BCF0-E51EC0A73B44}"
EndProject
Project("{2150E333-8FDC-42A3-9474-1A3956D46DE8}") = "Carrinho", "Carrinho", "{7522CDA2-8661-4632-B9B3-84C9C724A50A}"
EndProject
Project("{2150E333-8FDC-42A3-9474-1A3956D46DE8}") = "Catalogo", "Catalogo", "{88820341-BA98-4722-BAB4-7B89A5ABD8EA}"
EndProject
Project("{2150E333-8FDC-42A3-9474-1A3956D46DE8}") = "Cliente", "Cliente", "{9A2EAC6E-8195-4416-B592-A5AAC021FDF8}"
EndProject
Project("{2150E333-8FDC-42A3-9474-1A3956D46DE8}") = "Pagamento", "Pagamento", "{47D0437F-D92F-42C3-8E80-7CDDBDA84F8C}"
EndProject
Project("{2150E333-8FDC-42A3-9474-1A3956D46DE8}") = "Pedido", "Pedido", "{354AAA78-3D23-49F0-BF98-BD680E5369CD}"
EndProject
Project("{9A19103F-16F7-4668-BE54-9A1E7A4F7556}") = "NSE.Carrinho.API", "src\services\NSE.Carrinho.API\NSE.Carrinho.API.csproj", "{ED455C5A-0A6D-414B-A6A6-A4F5F5BA1C73}"
EndProject
Project("{9A19103F-16F7-4668-BE54-9A1E7A4F7556}") = "NSE.Catalogo.API", "src\services\NSE.Catalogo.API\NSE.Catalogo.API.csproj", "{3D2E7D8C-AE54-4C11-B54C-1161A4C69AB4}"
EndProject
Project("{9A19103F-16F7-4668-BE54-9A1E7A4F7556}") = "NSE.Cliente.API", "src\services\NSE.Cliente.API\NSE.Cliente.API.csproj", "{22420020-2AFF-4609-99BE-1784A277BBBA}"
EndProject
Project("{9A19103F-16F7-4668-BE54-9A1E7A4F7556}") = "NSE.Pagamento.API", "src\services\NSE.Pagamento.API\NSE.Pagamento.API.csproj", "{D9653D57-5915-46D1-B3C3-09ED72570B22}"
EndProject
Project("{9A19103F-16F7-4668-BE54-9A1E7A4F7556}") = "NSE.Pedido.API", "src\services\NSE.Pedido.API\NSE.Pedido.API.csproj", "{23DB9508-B7F0-49A4-AB89-B8D3CA72CD9D}"
EndProject
Project("{9A19103F-16F7-4668-BE54-9A1E7A4F7556}") = "NSE.Identidade.API", "src\services\NSE.Identidade.API\NSE.Identidade.API.csproj", "{AE2449B6-334E-4359-A0E0-E35823FC511A}"
EndProject
Global
	GlobalSection(SolutionConfigurationPlatforms) = preSolution
		Debug|Any CPU = Debug|Any CPU
		Release|Any CPU = Release|Any CPU
	EndGlobalSection
	GlobalSection(ProjectConfigurationPlatforms) = postSolution
		{83E5E9DF-D83D-4E21-B6AE-A05815CE3C26}.Debug|Any CPU.ActiveCfg = Debug|Any CPU
		{83E5E9DF-D83D-4E21-B6AE-A05815CE3C26}.Debug|Any CPU.Build.0 = Debug|Any CPU
		{83E5E9DF-D83D-4E21-B6AE-A05815CE3C26}.Release|Any CPU.ActiveCfg = Release|Any CPU
		{83E5E9DF-D83D-4E21-B6AE-A05815CE3C26}.Release|Any CPU.Build.0 = Release|Any CPU
		{1F03B0A9-CD75-4278-BCF0-E51EC0A73B44}.Debug|Any CPU.ActiveCfg = Debug|Any CPU
		{1F03B0A9-CD75-4278-BCF0-E51EC0A73B44}.Debug|Any CPU.Build.0 = Debug|Any CPU
		{1F03B0A9-CD75-4278-BCF0-E51EC0A73B44}.Release|Any CPU.ActiveCfg = Release|Any CPU
		{1F03B0A9-CD75-4278-BCF0-E51EC0A73B44}.Release|Any CPU.Build.0 = Release|Any CPU
		{ED455C5A-0A6D-414B-A6A6-A4F5F5BA1C73}.Debug|Any CPU.ActiveCfg = Debug|Any CPU
		{ED455C5A-0A6D-414B-A6A6-A4F5F5BA1C73}.Debug|Any CPU.Build.0 = Debug|Any CPU
		{ED455C5A-0A6D-414B-A6A6-A4F5F5BA1C73}.Release|Any CPU.ActiveCfg = Release|Any CPU
		{ED455C5A-0A6D-414B-A6A6-A4F5F5BA1C73}.Release|Any CPU.Build.0 = Release|Any CPU
		{3D2E7D8C-AE54-4C11-B54C-1161A4C69AB4}.Debug|Any CPU.ActiveCfg = Debug|Any CPU
		{3D2E7D8C-AE54-4C11-B54C-1161A4C69AB4}.Debug|Any CPU.Build.0 = Debug|Any CPU
		{3D2E7D8C-AE54-4C11-B54C-1161A4C69AB4}.Release|Any CPU.ActiveCfg = Release|Any CPU
		{3D2E7D8C-AE54-4C11-B54C-1161A4C69AB4}.Release|Any CPU.Build.0 = Release|Any CPU
		{22420020-2AFF-4609-99BE-1784A277BBBA}.Debug|Any CPU.ActiveCfg = Debug|Any CPU
		{22420020-2AFF-4609-99BE-1784A277BBBA}.Debug|Any CPU.Build.0 = Debug|Any CPU
		{22420020-2AFF-4609-99BE-1784A277BBBA}.Release|Any CPU.ActiveCfg = Release|Any CPU
		{22420020-2AFF-4609-99BE-1784A277BBBA}.Release|Any CPU.Build.0 = Release|Any CPU
		{D9653D57-5915-46D1-B3C3-09ED72570B22}.Debug|Any CPU.ActiveCfg = Debug|Any CPU
		{D9653D57-5915-46D1-B3C3-09ED72570B22}.Debug|Any CPU.Build.0 = Debug|Any CPU
		{D9653D57-5915-46D1-B3C3-09ED72570B22}.Release|Any CPU.ActiveCfg = Release|Any CPU
		{D9653D57-5915-46D1-B3C3-09ED72570B22}.Release|Any CPU.Build.0 = Release|Any CPU
		{23DB9508-B7F0-49A4-AB89-B8D3CA72CD9D}.Debug|Any CPU.ActiveCfg = Debug|Any CPU
		{23DB9508-B7F0-49A4-AB89-B8D3CA72CD9D}.Debug|Any CPU.Build.0 = Debug|Any CPU
		{23DB9508-B7F0-49A4-AB89-B8D3CA72CD9D}.Release|Any CPU.ActiveCfg = Release|Any CPU
		{23DB9508-B7F0-49A4-AB89-B8D3CA72CD9D}.Release|Any CPU.Build.0 = Release|Any CPU
		{AE2449B6-334E-4359-A0E0-E35823FC511A}.Debug|Any CPU.ActiveCfg = Debug|Any CPU
		{AE2449B6-334E-4359-A0E0-E35823FC511A}.Debug|Any CPU.Build.0 = Debug|Any CPU
		{AE2449B6-334E-4359-A0E0-E35823FC511A}.Release|Any CPU.ActiveCfg = Release|Any CPU
		{AE2449B6-334E-4359-A0E0-E35823FC511A}.Release|Any CPU.Build.0 = Release|Any CPU
	EndGlobalSection
	GlobalSection(SolutionProperties) = preSolution
		HideSolutionNode = FALSE
	EndGlobalSection
	GlobalSection(NestedProjects) = preSolution
		{11F4AF45-E526-461D-9501-A4476088EB7E} = {B5614815-5DE9-4BF7-B5C0-F4A8BAE421B9}
		{5A2271A6-DE4E-44BD-9DA1-17CFF9D74483} = {B5614815-5DE9-4BF7-B5C0-F4A8BAE421B9}
		{DA5A1EF5-E5A1-4657-9331-D0E1184228AB} = {B5614815-5DE9-4BF7-B5C0-F4A8BAE421B9}
		{4F30577D-48F2-4D18-A352-59F1D8314A2B} = {5A2271A6-DE4E-44BD-9DA1-17CFF9D74483}
		{5F933972-0E1A-4E6F-BD0A-AC5E4B2FD590} = {DA5A1EF5-E5A1-4657-9331-D0E1184228AB}
		{83E5E9DF-D83D-4E21-B6AE-A05815CE3C26} = {5F933972-0E1A-4E6F-BD0A-AC5E4B2FD590}
		{5879973A-65DB-46E1-ADE2-6D166556AEAF} = {11F4AF45-E526-461D-9501-A4476088EB7E}
		{1F03B0A9-CD75-4278-BCF0-E51EC0A73B44} = {5879973A-65DB-46E1-ADE2-6D166556AEAF}
		{7522CDA2-8661-4632-B9B3-84C9C724A50A} = {5A2271A6-DE4E-44BD-9DA1-17CFF9D74483}
		{88820341-BA98-4722-BAB4-7B89A5ABD8EA} = {5A2271A6-DE4E-44BD-9DA1-17CFF9D74483}
		{9A2EAC6E-8195-4416-B592-A5AAC021FDF8} = {5A2271A6-DE4E-44BD-9DA1-17CFF9D74483}
		{47D0437F-D92F-42C3-8E80-7CDDBDA84F8C} = {5A2271A6-DE4E-44BD-9DA1-17CFF9D74483}
		{354AAA78-3D23-49F0-BF98-BD680E5369CD} = {5A2271A6-DE4E-44BD-9DA1-17CFF9D74483}
		{ED455C5A-0A6D-414B-A6A6-A4F5F5BA1C73} = {7522CDA2-8661-4632-B9B3-84C9C724A50A}
		{3D2E7D8C-AE54-4C11-B54C-1161A4C69AB4} = {88820341-BA98-4722-BAB4-7B89A5ABD8EA}
		{22420020-2AFF-4609-99BE-1784A277BBBA} = {9A2EAC6E-8195-4416-B592-A5AAC021FDF8}
		{D9653D57-5915-46D1-B3C3-09ED72570B22} = {47D0437F-D92F-42C3-8E80-7CDDBDA84F8C}
		{23DB9508-B7F0-49A4-AB89-B8D3CA72CD9D} = {354AAA78-3D23-49F0-BF98-BD680E5369CD}
		{AE2449B6-334E-4359-A0E0-E35823FC511A} = {4F30577D-48F2-4D18-A352-59F1D8314A2B}
	EndGlobalSection
	GlobalSection(ExtensibilityGlobals) = postSolution
		SolutionGuid = {B4AF600B-4AE3-4D0E-BB72-4F8525C1A4FF}
	EndGlobalSection
EndGlobal
